
Microsoft Visual Studio Solution File, Format Version 12.00
# Visual Studio 15
VisualStudioVersion = 15.0.28010.2050
MinimumVisualStudioVersion = 10.0.40219.1
Project("{FAE04EC0-301F-11D3-BF4B-00C04F79EFBC}") = "WebTracker.Api", "WebTracker.Api\WebTracker.Api.csproj", "{2FBC9936-DAEB-470C-8B60-779D2F3C2D67}"
EndProject
Project("{FAE04EC0-301F-11D3-BF4B-00C04F79EFBC}") = "WebTracker.DataAccess", "WebTracker.DataAccess\WebTracker.DataAccess.csproj", "{140ECA4F-E3B5-49D0-8853-22413A17EE45}"
EndProject
Project("{FAE04EC0-301F-11D3-BF4B-00C04F79EFBC}") = "WebTracker.Domain", "WebTracker.Domain\WebTracker.Domain.csproj", "{FD7D9D88-8E91-49BE-9D20-D9F260EC1FC7}"
EndProject
Global
	GlobalSection(SolutionConfigurationPlatforms) = preSolution
		Debug|Any CPU = Debug|Any CPU
		Release|Any CPU = Release|Any CPU
	EndGlobalSection
	GlobalSection(ProjectConfigurationPlatforms) = postSolution
		{2FBC9936-DAEB-470C-8B60-779D2F3C2D67}.Debug|Any CPU.ActiveCfg = Debug|Any CPU
		{2FBC9936-DAEB-470C-8B60-779D2F3C2D67}.Debug|Any CPU.Build.0 = Debug|Any CPU
		{2FBC9936-DAEB-470C-8B60-779D2F3C2D67}.Release|Any CPU.ActiveCfg = Release|Any CPU
		{2FBC9936-DAEB-470C-8B60-779D2F3C2D67}.Release|Any CPU.Build.0 = Release|Any CPU
		{140ECA4F-E3B5-49D0-8853-22413A17EE45}.Debug|Any CPU.ActiveCfg = Debug|Any CPU
		{140ECA4F-E3B5-49D0-8853-22413A17EE45}.Debug|Any CPU.Build.0 = Debug|Any CPU
		{140ECA4F-E3B5-49D0-8853-22413A17EE45}.Release|Any CPU.ActiveCfg = Release|Any CPU
		{140ECA4F-E3B5-49D0-8853-22413A17EE45}.Release|Any CPU.Build.0 = Release|Any CPU
		{FD7D9D88-8E91-49BE-9D20-D9F260EC1FC7}.Debug|Any CPU.ActiveCfg = Debug|Any CPU
		{FD7D9D88-8E91-49BE-9D20-D9F260EC1FC7}.Debug|Any CPU.Build.0 = Debug|Any CPU
		{FD7D9D88-8E91-49BE-9D20-D9F260EC1FC7}.Release|Any CPU.ActiveCfg = Release|Any CPU
		{FD7D9D88-8E91-49BE-9D20-D9F260EC1FC7}.Release|Any CPU.Build.0 = Release|Any CPU
	EndGlobalSection
	GlobalSection(SolutionProperties) = preSolution
		HideSolutionNode = FALSE
	EndGlobalSection
	GlobalSection(ExtensibilityGlobals) = postSolution
		SolutionGuid = {4CADB65A-3C26-4A5A-86CB-A390813547C3}
	EndGlobalSection
EndGlobal
